
Microsoft Visual Studio Solution File, Format Version 12.00
# Visual Studio Version 16
VisualStudioVersion = 16.0.30523.141
MinimumVisualStudioVersion = 10.0.40219.1
Project("{FAE04EC0-301F-11D3-BF4B-00C04F79EFBC}") = "JellyHelper", "JellyHelper\JellyHelper.csproj", "{2951E98F-2D19-46E1-85F0-34BB61CBC46F}"
EndProject
Global
	GlobalSection(SolutionConfigurationPlatforms) = preSolution
		Debug|Any CPU = Debug|Any CPU
		Release|Any CPU = Release|Any CPU
	EndGlobalSection
	GlobalSection(ProjectConfigurationPlatforms) = postSolution
		{2951E98F-2D19-46E1-85F0-34BB61CBC46F}.Debug|Any CPU.ActiveCfg = Debug|Any CPU
		{2951E98F-2D19-46E1-85F0-34BB61CBC46F}.Debug|Any CPU.Build.0 = Debug|Any CPU
		{2951E98F-2D19-46E1-85F0-34BB61CBC46F}.Release|Any CPU.ActiveCfg = Release|Any CPU
		{2951E98F-2D19-46E1-85F0-34BB61CBC46F}.Release|Any CPU.Build.0 = Release|Any CPU
	EndGlobalSection
	GlobalSection(SolutionProperties) = preSolution
		HideSolutionNode = FALSE
	EndGlobalSection
	GlobalSection(ExtensibilityGlobals) = postSolution
		SolutionGuid = {B9A71F16-BB00-45F4-8DE3-7A9C506C1D3E}
	EndGlobalSection
EndGlobal
